
Microsoft Visual Studio Solution File, Format Version 12.00
# Visual Studio Version 16
VisualStudioVersion = 16.0.31624.102
MinimumVisualStudioVersion = 10.0.40219.1
Project("{FAE04EC0-301F-11D3-BF4B-00C04F79EFBC}") = "FunctionReturnAndArraysFromFile", "FunctionReturnAndArraysFromFile\FunctionReturnAndArraysFromFile.csproj", "{7AD87057-2A82-48B2-89BB-55AD09AC8F1B}"
EndProject
Project("{FAE04EC0-301F-11D3-BF4B-00C04F79EFBC}") = "FridayNigthRandom", "FridayNigthRandom\FridayNigthRandom.csproj", "{041C2863-12F6-4A1D-90CA-FF9B3C0D3772}"
EndProject
Project("{FAE04EC0-301F-11D3-BF4B-00C04F79EFBC}") = "FridayNightRandomReturn", "FridayNightRandomReturn\FridayNightRandomReturn.csproj", "{4A50315A-13AD-49F7-9D5E-B801CCE08C09}"
EndProject
Project("{FAE04EC0-301F-11D3-BF4B-00C04F79EFBC}") = "PickRandomFromFile", "PickRandomFromFile\PickRandomFromFile.csproj", "{0A23308B-7BCD-4A18-A5C4-E60C29720C07}"
EndProject
Project("{FAE04EC0-301F-11D3-BF4B-00C04F79EFBC}") = "ChuckNorris", "ChuckNorris\ChuckNorris.csproj", "{61D69805-1BB9-4083-A50A-A722917C00E5}"
EndProject
Global
	GlobalSection(SolutionConfigurationPlatforms) = preSolution
		Debug|Any CPU = Debug|Any CPU
		Release|Any CPU = Release|Any CPU
	EndGlobalSection
	GlobalSection(ProjectConfigurationPlatforms) = postSolution
		{7AD87057-2A82-48B2-89BB-55AD09AC8F1B}.Debug|Any CPU.ActiveCfg = Debug|Any CPU
		{7AD87057-2A82-48B2-89BB-55AD09AC8F1B}.Debug|Any CPU.Build.0 = Debug|Any CPU
		{7AD87057-2A82-48B2-89BB-55AD09AC8F1B}.Release|Any CPU.ActiveCfg = Release|Any CPU
		{7AD87057-2A82-48B2-89BB-55AD09AC8F1B}.Release|Any CPU.Build.0 = Release|Any CPU
		{041C2863-12F6-4A1D-90CA-FF9B3C0D3772}.Debug|Any CPU.ActiveCfg = Debug|Any CPU
		{041C2863-12F6-4A1D-90CA-FF9B3C0D3772}.Debug|Any CPU.Build.0 = Debug|Any CPU
		{041C2863-12F6-4A1D-90CA-FF9B3C0D3772}.Release|Any CPU.ActiveCfg = Release|Any CPU
		{041C2863-12F6-4A1D-90CA-FF9B3C0D3772}.Release|Any CPU.Build.0 = Release|Any CPU
		{4A50315A-13AD-49F7-9D5E-B801CCE08C09}.Debug|Any CPU.ActiveCfg = Debug|Any CPU
		{4A50315A-13AD-49F7-9D5E-B801CCE08C09}.Debug|Any CPU.Build.0 = Debug|Any CPU
		{4A50315A-13AD-49F7-9D5E-B801CCE08C09}.Release|Any CPU.ActiveCfg = Release|Any CPU
		{4A50315A-13AD-49F7-9D5E-B801CCE08C09}.Release|Any CPU.Build.0 = Release|Any CPU
		{0A23308B-7BCD-4A18-A5C4-E60C29720C07}.Debug|Any CPU.ActiveCfg = Debug|Any CPU
		{0A23308B-7BCD-4A18-A5C4-E60C29720C07}.Debug|Any CPU.Build.0 = Debug|Any CPU
		{0A23308B-7BCD-4A18-A5C4-E60C29720C07}.Release|Any CPU.ActiveCfg = Release|Any CPU
		{0A23308B-7BCD-4A18-A5C4-E60C29720C07}.Release|Any CPU.Build.0 = Release|Any CPU
		{61D69805-1BB9-4083-A50A-A722917C00E5}.Debug|Any CPU.ActiveCfg = Debug|Any CPU
		{61D69805-1BB9-4083-A50A-A722917C00E5}.Debug|Any CPU.Build.0 = Debug|Any CPU
		{61D69805-1BB9-4083-A50A-A722917C00E5}.Release|Any CPU.ActiveCfg = Release|Any CPU
		{61D69805-1BB9-4083-A50A-A722917C00E5}.Release|Any CPU.Build.0 = Release|Any CPU
	EndGlobalSection
	GlobalSection(SolutionProperties) = preSolution
		HideSolutionNode = FALSE
	EndGlobalSection
	GlobalSection(ExtensibilityGlobals) = postSolution
		SolutionGuid = {409C0350-1DBB-49D7-9587-9AD3462D31B0}
	EndGlobalSection
EndGlobal
